# THIS IS AN AUTOGENERATED FILE. DO NOT EDIT THIS FILE DIRECTLY.
# yarn lockfile v1


asyncairtable@^2.1.0:
  version "2.1.0"
  resolved "https://registry.yarnpkg.com/asyncairtable/-/asyncairtable-2.1.0.tgz#76b9e7a29efde1e9c99951f674fcc1e92608bd6f"
  integrity sha512-NsCs8s+AHlp8AQk4NV2HeFHp6p0wgmjIh9cXV0hGllTMtGqEuv/ahWqVQxqy1swW9eVnliapjwNVQlqz9IAqFA==
  dependencies:
    node-fetch "^2.6.1"

node-fetch@^2.6.1:
  version "2.6.1"
  resolved "https://registry.yarnpkg.com/node-fetch/-/node-fetch-2.6.1.tgz#045bd323631f76ed2e2b55573394416b639a0052"
  integrity sha512-V4aYg89jEoVRxRb2fJdAg8FHvI7cEyYdVAh94HH0UIK8oJxUfkjlDQN9RbMx+bEjP7+ggMiFRprSti032Oipxw==
